
Microsoft Visual Studio Solution File, Format Version 12.00
# Visual Studio 15
VisualStudioVersion = 15.0.26403.3
MinimumVisualStudioVersion = 10.0.40219.1
Project("{FAE04EC0-301F-11D3-BF4B-00C04F79EFBC}") = "Capstone_Base", "Capstone_Base\Capstone_Base.csproj", "{8C0D18FD-CD6C-4011-9956-2928505687EB}"
EndProject
Project("{FAE04EC0-301F-11D3-BF4B-00C04F79EFBC}") = "CanvasApiLib", "CanvasApiLib\CanvasApiLib.csproj", "{6E0C4803-F6C6-4E1A-879D-B3E103C5C74F}"
EndProject
Global
	GlobalSection(SolutionConfigurationPlatforms) = preSolution
		Debug|Any CPU = Debug|Any CPU
		Release|Any CPU = Release|Any CPU
	EndGlobalSection
	GlobalSection(ProjectConfigurationPlatforms) = postSolution
		{8C0D18FD-CD6C-4011-9956-2928505687EB}.Debug|Any CPU.ActiveCfg = Debug|Any CPU
		{8C0D18FD-CD6C-4011-9956-2928505687EB}.Debug|Any CPU.Build.0 = Debug|Any CPU
		{8C0D18FD-CD6C-4011-9956-2928505687EB}.Release|Any CPU.ActiveCfg = Release|Any CPU
		{8C0D18FD-CD6C-4011-9956-2928505687EB}.Release|Any CPU.Build.0 = Release|Any CPU
		{6E0C4803-F6C6-4E1A-879D-B3E103C5C74F}.Debug|Any CPU.ActiveCfg = Debug|Any CPU
		{6E0C4803-F6C6-4E1A-879D-B3E103C5C74F}.Debug|Any CPU.Build.0 = Debug|Any CPU
		{6E0C4803-F6C6-4E1A-879D-B3E103C5C74F}.Release|Any CPU.ActiveCfg = Release|Any CPU
		{6E0C4803-F6C6-4E1A-879D-B3E103C5C74F}.Release|Any CPU.Build.0 = Release|Any CPU
	EndGlobalSection
	GlobalSection(SolutionProperties) = preSolution
		HideSolutionNode = FALSE
	EndGlobalSection
EndGlobal
